
Microsoft Visual Studio Solution File, Format Version 12.00
# Visual Studio Version 17
VisualStudioVersion = 17.1.32210.238
MinimumVisualStudioVersion = 10.0.40219.1
Project("{FAE04EC0-301F-11D3-BF4B-00C04F79EFBC}") = "KotonAppXamarin.Android", "KotonAppXamarin\KotonAppXamarin.Android\KotonAppXamarin.Android.csproj", "{ABD9A984-16A4-4322-8955-EC87C4F80980}"
EndProject
Project("{FAE04EC0-301F-11D3-BF4B-00C04F79EFBC}") = "KotonAppXamarin.iOS", "KotonAppXamarin\KotonAppXamarin.iOS\KotonAppXamarin.iOS.csproj", "{D5BE14E9-4D67-4E54-A166-ED946E2422ED}"
EndProject
Project("{FAE04EC0-301F-11D3-BF4B-00C04F79EFBC}") = "KotonAppXamarin", "KotonAppXamarin\KotonAppXamarin\KotonAppXamarin.csproj", "{8EED9C9E-A479-4D3D-9537-1B2FA6DEE2F2}"
EndProject
Global
	GlobalSection(SolutionConfigurationPlatforms) = preSolution
		Debug|Any CPU = Debug|Any CPU
		Debug|iPhone = Debug|iPhone
		Debug|iPhoneSimulator = Debug|iPhoneSimulator
		Release|Any CPU = Release|Any CPU
		Release|iPhone = Release|iPhone
		Release|iPhoneSimulator = Release|iPhoneSimulator
	EndGlobalSection
	GlobalSection(ProjectConfigurationPlatforms) = postSolution
		{ABD9A984-16A4-4322-8955-EC87C4F80980}.Debug|Any CPU.ActiveCfg = Debug|Any CPU
		{ABD9A984-16A4-4322-8955-EC87C4F80980}.Debug|Any CPU.Build.0 = Debug|Any CPU
		{ABD9A984-16A4-4322-8955-EC87C4F80980}.Debug|Any CPU.Deploy.0 = Debug|Any CPU
		{ABD9A984-16A4-4322-8955-EC87C4F80980}.Debug|iPhone.ActiveCfg = Debug|Any CPU
		{ABD9A984-16A4-4322-8955-EC87C4F80980}.Debug|iPhone.Build.0 = Debug|Any CPU
		{ABD9A984-16A4-4322-8955-EC87C4F80980}.Debug|iPhone.Deploy.0 = Debug|Any CPU
		{ABD9A984-16A4-4322-8955-EC87C4F80980}.Debug|iPhoneSimulator.ActiveCfg = Debug|Any CPU
		{ABD9A984-16A4-4322-8955-EC87C4F80980}.Debug|iPhoneSimulator.Build.0 = Debug|Any CPU
		{ABD9A984-16A4-4322-8955-EC87C4F80980}.Debug|iPhoneSimulator.Deploy.0 = Debug|Any CPU
		{ABD9A984-16A4-4322-8955-EC87C4F80980}.Release|Any CPU.ActiveCfg = Release|Any CPU
		{ABD9A984-16A4-4322-8955-EC87C4F80980}.Release|Any CPU.Build.0 = Release|Any CPU
		{ABD9A984-16A4-4322-8955-EC87C4F80980}.Release|Any CPU.Deploy.0 = Release|Any CPU
		{ABD9A984-16A4-4322-8955-EC87C4F80980}.Release|iPhone.ActiveCfg = Release|Any CPU
		{ABD9A984-16A4-4322-8955-EC87C4F80980}.Release|iPhone.Build.0 = Release|Any CPU
		{ABD9A984-16A4-4322-8955-EC87C4F80980}.Release|iPhone.Deploy.0 = Release|Any CPU
		{ABD9A984-16A4-4322-8955-EC87C4F80980}.Release|iPhoneSimulator.ActiveCfg = Release|Any CPU
		{ABD9A984-16A4-4322-8955-EC87C4F80980}.Release|iPhoneSimulator.Build.0 = Release|Any CPU
		{ABD9A984-16A4-4322-8955-EC87C4F80980}.Release|iPhoneSimulator.Deploy.0 = Release|Any CPU
		{D5BE14E9-4D67-4E54-A166-ED946E2422ED}.Debug|Any CPU.ActiveCfg = Debug|iPhone
		{D5BE14E9-4D67-4E54-A166-ED946E2422ED}.Debug|Any CPU.Build.0 = Debug|iPhone
		{D5BE14E9-4D67-4E54-A166-ED946E2422ED}.Debug|Any CPU.Deploy.0 = Debug|iPhone
		{D5BE14E9-4D67-4E54-A166-ED946E2422ED}.Debug|iPhone.ActiveCfg = Debug|iPhone
		{D5BE14E9-4D67-4E54-A166-ED946E2422ED}.Debug|iPhone.Build.0 = Debug|iPhone
		{D5BE14E9-4D67-4E54-A166-ED946E2422ED}.Debug|iPhone.Deploy.0 = Debug|iPhone
		{D5BE14E9-4D67-4E54-A166-ED946E2422ED}.Debug|iPhoneSimulator.ActiveCfg = Debug|iPhoneSimulator
		{D5BE14E9-4D67-4E54-A166-ED946E2422ED}.Debug|iPhoneSimulator.Build.0 = Debug|iPhoneSimulator
		{D5BE14E9-4D67-4E54-A166-ED946E2422ED}.Debug|iPhoneSimulator.Deploy.0 = Debug|iPhoneSimulator
		{D5BE14E9-4D67-4E54-A166-ED946E2422ED}.Release|Any CPU.ActiveCfg = Release|iPhoneSimulator
		{D5BE14E9-4D67-4E54-A166-ED946E2422ED}.Release|Any CPU.Build.0 = Release|iPhoneSimulator
		{D5BE14E9-4D67-4E54-A166-ED946E2422ED}.Release|Any CPU.Deploy.0 = Release|iPhoneSimulator
		{D5BE14E9-4D67-4E54-A166-ED946E2422ED}.Release|iPhone.ActiveCfg = Release|iPhone
		{D5BE14E9-4D67-4E54-A166-ED946E2422ED}.Release|iPhone.Build.0 = Release|iPhone
		{D5BE14E9-4D67-4E54-A166-ED946E2422ED}.Release|iPhone.Deploy.0 = Release|iPhone
		{D5BE14E9-4D67-4E54-A166-ED946E2422ED}.Release|iPhoneSimulator.ActiveCfg = Release|iPhoneSimulator
		{D5BE14E9-4D67-4E54-A166-ED946E2422ED}.Release|iPhoneSimulator.Build.0 = Release|iPhoneSimulator
		{D5BE14E9-4D67-4E54-A166-ED946E2422ED}.Release|iPhoneSimulator.Deploy.0 = Release|iPhoneSimulator
		{8EED9C9E-A479-4D3D-9537-1B2FA6DEE2F2}.Debug|Any CPU.ActiveCfg = Debug|Any CPU
		{8EED9C9E-A479-4D3D-9537-1B2FA6DEE2F2}.Debug|Any CPU.Build.0 = Debug|Any CPU
		{8EED9C9E-A479-4D3D-9537-1B2FA6DEE2F2}.Debug|Any CPU.Deploy.0 = Debug|Any CPU
		{8EED9C9E-A479-4D3D-9537-1B2FA6DEE2F2}.Debug|iPhone.ActiveCfg = Debug|Any CPU
		{8EED9C9E-A479-4D3D-9537-1B2FA6DEE2F2}.Debug|iPhone.Build.0 = Debug|Any CPU
		{8EED9C9E-A479-4D3D-9537-1B2FA6DEE2F2}.Debug|iPhone.Deploy.0 = Debug|Any CPU
		{8EED9C9E-A479-4D3D-9537-1B2FA6DEE2F2}.Debug|iPhoneSimulator.ActiveCfg = Debug|Any CPU
		{8EED9C9E-A479-4D3D-9537-1B2FA6DEE2F2}.Debug|iPhoneSimulator.Build.0 = Debug|Any CPU
		{8EED9C9E-A479-4D3D-9537-1B2FA6DEE2F2}.Debug|iPhoneSimulator.Deploy.0 = Debug|Any CPU
		{8EED9C9E-A479-4D3D-9537-1B2FA6DEE2F2}.Release|Any CPU.ActiveCfg = Release|Any CPU
		{8EED9C9E-A479-4D3D-9537-1B2FA6DEE2F2}.Release|Any CPU.Build.0 = Release|Any CPU
		{8EED9C9E-A479-4D3D-9537-1B2FA6DEE2F2}.Release|Any CPU.Deploy.0 = Release|Any CPU
		{8EED9C9E-A479-4D3D-9537-1B2FA6DEE2F2}.Release|iPhone.ActiveCfg = Release|Any CPU
		{8EED9C9E-A479-4D3D-9537-1B2FA6DEE2F2}.Release|iPhone.Build.0 = Release|Any CPU
		{8EED9C9E-A479-4D3D-9537-1B2FA6DEE2F2}.Release|iPhone.Deploy.0 = Release|Any CPU
		{8EED9C9E-A479-4D3D-9537-1B2FA6DEE2F2}.Release|iPhoneSimulator.ActiveCfg = Release|Any CPU
		{8EED9C9E-A479-4D3D-9537-1B2FA6DEE2F2}.Release|iPhoneSimulator.Build.0 = Release|Any CPU
		{8EED9C9E-A479-4D3D-9537-1B2FA6DEE2F2}.Release|iPhoneSimulator.Deploy.0 = Release|Any CPU
	EndGlobalSection
	GlobalSection(SolutionProperties) = preSolution
		HideSolutionNode = FALSE
	EndGlobalSection
	GlobalSection(ExtensibilityGlobals) = postSolution
		SolutionGuid = {9D32694A-6254-45E0-80B5-04BE19D47A19}
	EndGlobalSection
EndGlobal
